<?xml version="1.0" encoding="utf-8"?>
<Project ToolsVersion="4.0" xmlns="http://schemas.microsoft.com/developer/msbuild/2003">
  <ItemGroup>
    <Filter Include="Source Files">
      <UniqueIdentifier>{4FC737F1-C7A5-4376-A066-2A32D752A2FF}</UniqueIdentifier>
      <Extensions>cpp;c;cc;cxx;def;odl;idl;hpj;bat;asm;asmx</Extensions>
    </Filter>
    <Filter Include="Header Files">
      <UniqueIdentifier>{93995380-89BD-4b04-88EB-625FBE52EBFB}</UniqueIdentifier>
      <Extensions>h;hh;hpp;hxx;hm;inl;inc;xsd</Extensions>
    </Filter>
    <Filter Include="Resource Files">
      <UniqueIdentifier>{67DA6AB6-F800-4c08-8B7A-83BB121AAD01}</UniqueIdentifier>
      <Extensions>rc;ico;cur;bmp;dlg;rc2;rct;bin;rgs;gif;jpg;jpeg;jpe;resx;tiff;tif;png;wav;mfcribbon-ms</Extensions>
    </Filter>
    <Filter Include="Header Files\Console_Utilites">
      <UniqueIdentifier>{b50b7b6c-e5cc-49a0-80dc-465e6b37973a}</UniqueIdentifier>
    </Filter>
  </ItemGroup>
  <ItemGroup>
    <Text Include="ReadMe.txt" />
    <Text Include="Console_Utilites\ReadMe.txt">
      <Filter>Header Files\Console_Utilites</Filter>
    </Text>
  </ItemGroup>
  <ItemGroup>
    <ClCompile Include="main.cpp">
      <Filter>Source Files</Filter>
    </ClCompile>
    <ClCompile Include="Console_Utilites\ComboBox.cpp">
      <Filter>Header Files\Console_Utilites</Filter>
    </ClCompile>
    <ClCompile Include="Console_Utilites\Control.cpp">
      <Filter>Header Files\Console_Utilites</Filter>
    </ClCompile>
    <ClCompile Include="Console_Utilites\EventEngine.cpp">
      <Filter>Header Files\Console_Utilites</Filter>
    </ClCompile>
    <ClCompile Include="Console_Utilites\Graphics.cpp">
      <Filter>Header Files\Console_Utilites</Filter>
    </ClCompile>
    <ClCompile Include="Console_Utilites\Label.cpp">
      <Filter>Header Files\Console_Utilites</Filter>
    </ClCompile>
    <ClCompile Include="Console_Utilites\NumericBox.cpp">
      <Filter>Header Files\Console_Utilites</Filter>
    </ClCompile>
    <ClCompile Include="Console_Utilites\Panel.cpp">
      <Filter>Header Files\Console_Utilites</Filter>
    </ClCompile>
    <ClCompile Include="Console_Utilites\RadioBox.cpp">
      <Filter>Header Files\Console_Utilites</Filter>
    </ClCompile>
    <ClCompile Include="Console_Utilites\SimpleBorderFactory.cpp">
      <Filter>Header Files\Console_Utilites</Filter>
    </ClCompile>
    <ClCompile Include="Console_Utilites\stdafx.cpp">
      <Filter>Header Files\Console_Utilites</Filter>
    </ClCompile>
    <ClCompile Include="Console_Utilites\TextBox.cpp">
      <Filter>Header Files\Console_Utilites</Filter>
    </ClCompile>
    <ClCompile Include="Console_Utilites\Button.cpp">
      <Filter>Header Files\Console_Utilites</Filter>
    </ClCompile>
    <ClCompile Include="Console_Utilites\CheckList.cpp">
      <Filter>Header Files\Console_Utilites</Filter>
    </ClCompile>
  </ItemGroup>
  <ItemGroup>
    <ClInclude Include="Console_Utilites\ComboBox.h">
      <Filter>Header Files\Console_Utilites</Filter>
    </ClInclude>
    <ClInclude Include="Console_Utilites\Control.h">
      <Filter>Header Files\Console_Utilites</Filter>
    </ClInclude>
    <ClInclude Include="Console_Utilites\EventEngine.h">
      <Filter>Header Files\Console_Utilites</Filter>
    </ClInclude>
    <ClInclude Include="Console_Utilites\Graphics.h">
      <Filter>Header Files\Console_Utilites</Filter>
    </ClInclude>
    <ClInclude Include="Console_Utilites\Label.h">
      <Filter>Header Files\Console_Utilites</Filter>
    </ClInclude>
    <ClInclude Include="Console_Utilites\NumericBox.h">
      <Filter>Header Files\Console_Utilites</Filter>
    </ClInclude>
    <ClInclude Include="Console_Utilites\Panel.h">
      <Filter>Header Files\Console_Utilites</Filter>
    </ClInclude>
    <ClInclude Include="Console_Utilites\RadioBox.h">
      <Filter>Header Files\Console_Utilites</Filter>
    </ClInclude>
    <ClInclude Include="Console_Utilites\SimpleBorderFactory.h">
      <Filter>Header Files\Console_Utilites</Filter>
    </ClInclude>
    <ClInclude Include="Console_Utilites\stdafx.h">
      <Filter>Header Files\Console_Utilites</Filter>
    </ClInclude>
    <ClInclude Include="Console_Utilites\targetver.h">
      <Filter>Header Files\Console_Utilites</Filter>
    </ClInclude>
    <ClInclude Include="Console_Utilites\TextBox.h">
      <Filter>Header Files\Console_Utilites</Filter>
    </ClInclude>
    <ClInclude Include="Console_Utilites\Button.h">
      <Filter>Header Files\Console_Utilites</Filter>
    </ClInclude>
    <ClInclude Include="Console_Utilites\CheckList.h">
      <Filter>Header Files\Console_Utilites</Filter>
    </ClInclude>
  </ItemGroup>
</Project>